
Microsoft Visual Studio Solution File, Format Version 12.00
# Visual Studio 15
VisualStudioVersion = 15.0.26403.7
MinimumVisualStudioVersion = 10.0.40219.1
Project("{FAE04EC0-301F-11D3-BF4B-00C04F79EFBC}") = "Ex04.Menus.Interfaces", "Ex04.Menus.Interfaces\Ex04.Menus.Interfaces.csproj", "{C27C6DFE-EF94-4E3F-AAD3-E9A17704C639}"
EndProject
Project("{FAE04EC0-301F-11D3-BF4B-00C04F79EFBC}") = "Ex04.Menus.Delegates", "Ex04.Menus.Delegates\Ex04.Menus.Delegates.csproj", "{07606DCF-CAD3-462C-863B-0A6E2F03496E}"
EndProject
Project("{FAE04EC0-301F-11D3-BF4B-00C04F79EFBC}") = "Ex04.Menus.Test", "Ex04.Menus.Test\Ex04.Menus.Test.csproj", "{480CBC98-88C1-4D3E-9A15-74684EF1D9C3}"
EndProject
Project("{2150E333-8FDC-42A3-9474-1A3956D46DE8}") = "Solution Items", "Solution Items", "{9E767E9D-BAC4-4A12-BCFD-DA50A9F08FF6}"
	ProjectSection(SolutionItems) = preProject
		D:\לימודים מדמח\תכנות מונחה עצמים בסביבת דוט.נט\מטלות\מטלה 4\Exercise Checking Report.txt = D:\לימודים מדמח\תכנות מונחה עצמים בסביבת דוט.נט\מטלות\מטלה 4\Exercise Checking Report.txt
	EndProjectSection
EndProject
Global
	GlobalSection(SolutionConfigurationPlatforms) = preSolution
		Debug|Any CPU = Debug|Any CPU
		Release|Any CPU = Release|Any CPU
	EndGlobalSection
	GlobalSection(ProjectConfigurationPlatforms) = postSolution
		{C27C6DFE-EF94-4E3F-AAD3-E9A17704C639}.Debug|Any CPU.ActiveCfg = Debug|Any CPU
		{C27C6DFE-EF94-4E3F-AAD3-E9A17704C639}.Debug|Any CPU.Build.0 = Debug|Any CPU
		{C27C6DFE-EF94-4E3F-AAD3-E9A17704C639}.Release|Any CPU.ActiveCfg = Release|Any CPU
		{C27C6DFE-EF94-4E3F-AAD3-E9A17704C639}.Release|Any CPU.Build.0 = Release|Any CPU
		{07606DCF-CAD3-462C-863B-0A6E2F03496E}.Debug|Any CPU.ActiveCfg = Debug|Any CPU
		{07606DCF-CAD3-462C-863B-0A6E2F03496E}.Debug|Any CPU.Build.0 = Debug|Any CPU
		{07606DCF-CAD3-462C-863B-0A6E2F03496E}.Release|Any CPU.ActiveCfg = Release|Any CPU
		{07606DCF-CAD3-462C-863B-0A6E2F03496E}.Release|Any CPU.Build.0 = Release|Any CPU
		{480CBC98-88C1-4D3E-9A15-74684EF1D9C3}.Debug|Any CPU.ActiveCfg = Debug|Any CPU
		{480CBC98-88C1-4D3E-9A15-74684EF1D9C3}.Debug|Any CPU.Build.0 = Debug|Any CPU
		{480CBC98-88C1-4D3E-9A15-74684EF1D9C3}.Release|Any CPU.ActiveCfg = Release|Any CPU
		{480CBC98-88C1-4D3E-9A15-74684EF1D9C3}.Release|Any CPU.Build.0 = Release|Any CPU
	EndGlobalSection
	GlobalSection(SolutionProperties) = preSolution
		HideSolutionNode = FALSE
	EndGlobalSection
EndGlobal
